
Microsoft Visual Studio Solution File, Format Version 12.00
# Visual Studio Version 17
VisualStudioVersion = 17.5.33103.201
MinimumVisualStudioVersion = 10.0.40219.1
Project("{FAE04EC0-301F-11D3-BF4B-00C04F79EFBC}") = "DataClassConstructor", "DataClassConstructor.csproj", "{0E463D10-9B99-4657-A0B0-2AAF76D12862}"
EndProject
Global
	GlobalSection(SolutionConfigurationPlatforms) = preSolution
		Debug|Any CPU = Debug|Any CPU
		Release|Any CPU = Release|Any CPU
	EndGlobalSection
	GlobalSection(ProjectConfigurationPlatforms) = postSolution
		{0E463D10-9B99-4657-A0B0-2AAF76D12862}.Debug|Any CPU.ActiveCfg = Debug|Any CPU
		{0E463D10-9B99-4657-A0B0-2AAF76D12862}.Debug|Any CPU.Build.0 = Debug|Any CPU
		{0E463D10-9B99-4657-A0B0-2AAF76D12862}.Release|Any CPU.ActiveCfg = Release|Any CPU
		{0E463D10-9B99-4657-A0B0-2AAF76D12862}.Release|Any CPU.Build.0 = Release|Any CPU
	EndGlobalSection
	GlobalSection(SolutionProperties) = preSolution
		HideSolutionNode = FALSE
	EndGlobalSection
	GlobalSection(ExtensibilityGlobals) = postSolution
		SolutionGuid = {E249E5AA-13DB-42CD-AF7E-8F050199D2B9}
	EndGlobalSection
EndGlobal
